<?xml version="1.0" encoding="utf-8"?>
<Project ToolsVersion="4.0" xmlns="http://schemas.microsoft.com/developer/msbuild/2003">
  <ItemGroup>
    <ClCompile Include="CodingTest.cpp" />
  </ItemGroup>
  <ItemGroup>
    <Filter Include="LeetCode">
      <UniqueIdentifier>{3726e5d0-f7d6-4950-8c81-a1e5a743aaf0}</UniqueIdentifier>
    </Filter>
  </ItemGroup>
  <ItemGroup>
    <ClInclude Include="Solution_622.h">
      <Filter>LeetCode</Filter>
    </ClInclude>
    <ClInclude Include="Solution_771.h">
      <Filter>LeetCode</Filter>
    </ClInclude>
    <ClInclude Include="Solution_200.h">
      <Filter>LeetCode</Filter>
    </ClInclude>
    <ClInclude Include="Solution_17.h">
      <Filter>LeetCode</Filter>
    </ClInclude>
    <ClInclude Include="Solution_46.h">
      <Filter>LeetCode</Filter>
    </ClInclude>
    <ClInclude Include="Solution_77.h">
      <Filter>LeetCode</Filter>
    </ClInclude>
    <ClInclude Include="Solution_207.h">
      <Filter>LeetCode</Filter>
    </ClInclude>
  </ItemGroup>
</Project>