<?xml version="1.0" encoding="utf-8"?>
<Project ToolsVersion="4.0" xmlns="http://schemas.microsoft.com/developer/msbuild/2003">
  <ItemGroup>
    <ClCompile Include="CodingTest.cpp" />
    <ClCompile Include="Solution_242.h">
      <Filter>LeetCode</Filter>
    </ClCompile>
    <ClCompile Include="Solution_349.h">
      <Filter>LeetCode</Filter>
    </ClCompile>
    <ClCompile Include="야근 지수.h">
      <Filter>Programmers</Filter>
    </ClCompile>
    <ClCompile Include="Sol_2.h">
      <Filter>2024 넥토리얼</Filter>
    </ClCompile>
    <ClCompile Include="Sol_3.h">
      <Filter>2024 넥토리얼</Filter>
    </ClCompile>
    <ClCompile Include="Sol_4.h">
      <Filter>2024 넥토리얼</Filter>
    </ClCompile>
    <ClCompile Include="Sol_6.h">
      <Filter>2024 넥토리얼</Filter>
    </ClCompile>
    <ClCompile Include="Sol_5.h">
      <Filter>2024 넥토리얼</Filter>
    </ClCompile>
  </ItemGroup>
  <ItemGroup>
    <Filter Include="LeetCode">
      <UniqueIdentifier>{3726e5d0-f7d6-4950-8c81-a1e5a743aaf0}</UniqueIdentifier>
    </Filter>
    <Filter Include="넥토리얼">
      <UniqueIdentifier>{de570213-4d42-49b7-8312-1ddbae992fc8}</UniqueIdentifier>
    </Filter>
    <Filter Include="Programmers">
      <UniqueIdentifier>{70ca2be3-07e0-455d-b3b4-0c48ebf6b318}</UniqueIdentifier>
    </Filter>
    <Filter Include="백준">
      <UniqueIdentifier>{34f106f6-0437-47b3-a69d-ffebdda7f43a}</UniqueIdentifier>
    </Filter>
    <Filter Include="2024 넥토리얼">
      <UniqueIdentifier>{f01b29ae-af97-4ad0-a03c-1bb9595d417a}</UniqueIdentifier>
    </Filter>
    <Filter Include="알고스팟">
      <UniqueIdentifier>{819f79cc-15b8-4af6-ac5d-843d361f07a8}</UniqueIdentifier>
    </Filter>
  </ItemGroup>
  <ItemGroup>
    <ClInclude Include="Solution_622.h">
      <Filter>LeetCode</Filter>
    </ClInclude>
    <ClInclude Include="Solution_771.h">
      <Filter>LeetCode</Filter>
    </ClInclude>
    <ClInclude Include="Solution_200.h">
      <Filter>LeetCode</Filter>
    </ClInclude>
    <ClInclude Include="Solution_17.h">
      <Filter>LeetCode</Filter>
    </ClInclude>
    <ClInclude Include="Solution_46.h">
      <Filter>LeetCode</Filter>
    </ClInclude>
    <ClInclude Include="Solution_77.h">
      <Filter>LeetCode</Filter>
    </ClInclude>
    <ClInclude Include="Solution_207.h">
      <Filter>LeetCode</Filter>
    </ClInclude>
    <ClInclude Include="Solution_743.h">
      <Filter>LeetCode</Filter>
    </ClInclude>
    <ClInclude Include="Solution_104.h">
      <Filter>LeetCode</Filter>
    </ClInclude>
    <ClInclude Include="Solution_543.h">
      <Filter>LeetCode</Filter>
    </ClInclude>
    <ClInclude Include="Solution_108.h">
      <Filter>LeetCode</Filter>
    </ClInclude>
    <ClInclude Include="Solution_105.h">
      <Filter>LeetCode</Filter>
    </ClInclude>
    <ClInclude Include="Solution_215.h">
      <Filter>LeetCode</Filter>
    </ClInclude>
    <ClInclude Include="Solution_56.h">
      <Filter>LeetCode</Filter>
    </ClInclude>
    <ClInclude Include="Solution_148.h">
      <Filter>LeetCode</Filter>
    </ClInclude>
    <ClInclude Include="Solution_179.h">
      <Filter>LeetCode</Filter>
    </ClInclude>
    <ClInclude Include="Solution_75.h">
      <Filter>LeetCode</Filter>
    </ClInclude>
    <ClInclude Include="Solution_973.h">
      <Filter>LeetCode</Filter>
    </ClInclude>
    <ClInclude Include="Solution_704.h">
      <Filter>LeetCode</Filter>
    </ClInclude>
    <ClInclude Include="Solution_33.h">
      <Filter>LeetCode</Filter>
    </ClInclude>
    <ClInclude Include="Solution_167.h">
      <Filter>LeetCode</Filter>
    </ClInclude>
    <ClInclude Include="Solution_240.h">
      <Filter>LeetCode</Filter>
    </ClInclude>
    <ClInclude Include="Solution_136.h">
      <Filter>LeetCode</Filter>
    </ClInclude>
    <ClInclude Include="Solution_122.h">
      <Filter>LeetCode</Filter>
    </ClInclude>
    <ClInclude Include="Solution_406.h">
      <Filter>LeetCode</Filter>
    </ClInclude>
    <ClInclude Include="Solution_621.h">
      <Filter>LeetCode</Filter>
    </ClInclude>
    <ClInclude Include="Nexto_1.h">
      <Filter>넥토리얼</Filter>
    </ClInclude>
    <ClInclude Include="Solution_134.h">
      <Filter>LeetCode</Filter>
    </ClInclude>
    <ClInclude Include="Solution_169.h">
      <Filter>LeetCode</Filter>
    </ClInclude>
    <ClInclude Include="Solution_241.h">
      <Filter>LeetCode</Filter>
    </ClInclude>
    <ClInclude Include="Solution_509.h">
      <Filter>LeetCode</Filter>
    </ClInclude>
    <ClInclude Include="Solution_53.h">
      <Filter>LeetCode</Filter>
    </ClInclude>
    <ClInclude Include="Solution_70.h">
      <Filter>LeetCode</Filter>
    </ClInclude>
    <ClInclude Include="Solution_198.h">
      <Filter>LeetCode</Filter>
    </ClInclude>
    <ClInclude Include="Network.h">
      <Filter>Programmers</Filter>
    </ClInclude>
    <ClInclude Include="이중우선순위큐.h">
      <Filter>Programmers</Filter>
    </ClInclude>
    <ClInclude Include="단어 변환.h">
      <Filter>Programmers</Filter>
    </ClInclude>
    <ClInclude Include="등굣길.h">
      <Filter>Programmers</Filter>
    </ClInclude>
    <ClInclude Include="2805_나무자르기.h">
      <Filter>백준</Filter>
    </ClInclude>
    <ClInclude Include="Solution_1143.h">
      <Filter>LeetCode</Filter>
    </ClInclude>
    <ClInclude Include="11404_플로이드.h">
      <Filter>백준</Filter>
    </ClInclude>
    <ClInclude Include="11657_타임머신.h">
      <Filter>백준</Filter>
    </ClInclude>
    <ClInclude Include="1197_최소 스패닝 트리.h">
      <Filter>백준</Filter>
    </ClInclude>
    <ClInclude Include="1922_네트워크 연결.h">
      <Filter>백준</Filter>
    </ClInclude>
    <ClInclude Include="숫자게임.h">
      <Filter>Programmers</Filter>
    </ClInclude>
    <ClInclude Include="단속카메라.h">
      <Filter>Programmers</Filter>
    </ClInclude>
    <ClInclude Include="Sol_1.h">
      <Filter>2024 넥토리얼</Filter>
    </ClInclude>
    <ClInclude Include="기지국 설치.h">
      <Filter>Programmers</Filter>
    </ClInclude>
    <ClInclude Include="베스트 앨범.h">
      <Filter>Programmers</Filter>
    </ClInclude>
    <ClInclude Include="스티커 모으기.h">
      <Filter>Programmers</Filter>
    </ClInclude>
    <ClInclude Include="FESTIVAL.h">
      <Filter>알고스팟</Filter>
    </ClInclude>
    <ClInclude Include="BOGGLE.h">
      <Filter>알고스팟</Filter>
    </ClInclude>
    <ClInclude Include="PICNIC.h">
      <Filter>알고스팟</Filter>
    </ClInclude>
  </ItemGroup>
</Project>