<?xml version="1.0" encoding="utf-8"?>
<Project ToolsVersion="4.0" xmlns="http://schemas.microsoft.com/developer/msbuild/2003">
  <ItemGroup>
    <ClCompile Include="main.cpp" />
  </ItemGroup>
  <ItemGroup>
    <Filter Include="week1">
      <UniqueIdentifier>{3d26587d-f651-4420-80d0-9d535ad76191}</UniqueIdentifier>
    </Filter>
    <Filter Include="week2">
      <UniqueIdentifier>{28c78c55-eb69-4081-9129-2dd6e66687c0}</UniqueIdentifier>
    </Filter>
    <Filter Include="week3">
      <UniqueIdentifier>{9744889d-3053-4400-a3cb-beffea925281}</UniqueIdentifier>
    </Filter>
    <Filter Include="week4">
      <UniqueIdentifier>{0e69983e-5816-4d2e-8608-48631ae82f2a}</UniqueIdentifier>
    </Filter>
    <Filter Include="week5">
      <UniqueIdentifier>{c9ab4503-8a75-474e-b3dc-9ddc42386a3f}</UniqueIdentifier>
    </Filter>
  </ItemGroup>
  <ItemGroup>
    <ClInclude Include="Solution_14501.h">
      <Filter>week1</Filter>
    </ClInclude>
    <ClInclude Include="Solution_1026.h">
      <Filter>week1</Filter>
    </ClInclude>
    <ClInclude Include="Solution_2805.h">
      <Filter>week1</Filter>
    </ClInclude>
    <ClInclude Include="Solution_1931.h">
      <Filter>week1</Filter>
    </ClInclude>
    <ClInclude Include="Solution_2251.h">
      <Filter>week1</Filter>
    </ClInclude>
    <ClInclude Include="Solution_14890.h">
      <Filter>week1</Filter>
    </ClInclude>
    <ClInclude Include="Solution_15686.h">
      <Filter>week1</Filter>
    </ClInclude>
    <ClInclude Include="Solution_1747.h">
      <Filter>week2</Filter>
    </ClInclude>
    <ClInclude Include="Solution_2583.h">
      <Filter>week2</Filter>
    </ClInclude>
    <ClInclude Include="Solution_1697.h">
      <Filter>week2</Filter>
    </ClInclude>
    <ClInclude Include="Solution_1946.h">
      <Filter>week2</Filter>
    </ClInclude>
    <ClInclude Include="Solution_1987.h">
      <Filter>week2</Filter>
    </ClInclude>
    <ClInclude Include="Solution_10026.h">
      <Filter>week2</Filter>
    </ClInclude>
    <ClInclude Include="Solution_2661.h">
      <Filter>week2</Filter>
    </ClInclude>
    <ClInclude Include="Solution_2606.h">
      <Filter>week3</Filter>
    </ClInclude>
    <ClInclude Include="Solution_21736.h">
      <Filter>week3</Filter>
    </ClInclude>
    <ClInclude Include="Solution_1149.h">
      <Filter>week3</Filter>
    </ClInclude>
    <ClInclude Include="Solution_1107.h">
      <Filter>week3</Filter>
    </ClInclude>
    <ClInclude Include="Solution_14502.h">
      <Filter>week3</Filter>
    </ClInclude>
    <ClInclude Include="Solution_9663.h">
      <Filter>week3</Filter>
    </ClInclude>
    <ClInclude Include="Solution_1865.h">
      <Filter>week3</Filter>
    </ClInclude>
    <ClInclude Include="Solution_2721.h">
      <Filter>week4</Filter>
    </ClInclude>
    <ClInclude Include="Solution_2810.h">
      <Filter>week4</Filter>
    </ClInclude>
    <ClInclude Include="Solution_14465.h">
      <Filter>week4</Filter>
    </ClInclude>
    <ClInclude Include="Solution_11279.h">
      <Filter>week4</Filter>
    </ClInclude>
    <ClInclude Include="Solution_1012.h">
      <Filter>week4</Filter>
    </ClInclude>
    <ClInclude Include="Solution_9465.h">
      <Filter>week4</Filter>
    </ClInclude>
    <ClInclude Include="Solution_13335.h">
      <Filter>week4</Filter>
    </ClInclude>
    <ClInclude Include="Solution_14503.h">
      <Filter>week4</Filter>
    </ClInclude>
    <ClInclude Include="Solution_7576.h">
      <Filter>week4</Filter>
    </ClInclude>
    <ClInclude Include="Solution_12865.h">
      <Filter>week4</Filter>
    </ClInclude>
    <ClInclude Include="Solution_17070.h">
      <Filter>week4</Filter>
    </ClInclude>
    <ClInclude Include="Solution_2110.h">
      <Filter>week4</Filter>
    </ClInclude>
    <ClInclude Include="Solution_12851.h">
      <Filter>week4</Filter>
    </ClInclude>
    <ClInclude Include="Solution_17144.h">
      <Filter>week4</Filter>
    </ClInclude>
    <ClInclude Include="Solution_14500.h">
      <Filter>week4</Filter>
    </ClInclude>
    <ClInclude Include="Solution_1333.h">
      <Filter>week5</Filter>
    </ClInclude>
    <ClInclude Include="Solution_2512.h">
      <Filter>week5</Filter>
    </ClInclude>
    <ClInclude Include="Solution_1106.h">
      <Filter>week5</Filter>
    </ClInclude>
    <ClInclude Include="Solution_2780.h">
      <Filter>week5</Filter>
    </ClInclude>
    <ClInclude Include="Solution_7579.h">
      <Filter>week5</Filter>
    </ClInclude>
    <ClInclude Include="Solution_11049.h">
      <Filter>week5</Filter>
    </ClInclude>
  </ItemGroup>
</Project>